// !$*UTF8*$!
{
	archiveVersion = 1;
	classes = {
	};
	objectVersion = 46;
	objects = {

/* Begin PBXBuildFile section */
		0A730AEB1A68FE800059A0BC /* libPods.a in Frameworks */ = {isa = PBXBuildFile; fileRef = 0A730AEA1A68FE800059A0BC /* libPods.a */; };
		658819411C776D5000CB74C7 /* NSData+SDK_Encrypt.m in Sources */ = {isa = PBXBuildFile; fileRef = 6588192D1C776D5000CB74C7 /* NSData+SDK_Encrypt.m */; };
		658819421C776D5000CB74C7 /* SDK_ApiServiceEngine.m in Sources */ = {isa = PBXBuildFile; fileRef = 6588192F1C776D5000CB74C7 /* SDK_ApiServiceEngine.m */; };
		658819431C776D5000CB74C7 /* SDK_ApiServiceRequest.m in Sources */ = {isa = PBXBuildFile; fileRef = 658819311C776D5000CB74C7 /* SDK_ApiServiceRequest.m */; };
		658819441C776D5000CB74C7 /* SDK_ApiServiceResponse.m in Sources */ = {isa = PBXBuildFile; fileRef = 658819331C776D5000CB74C7 /* SDK_ApiServiceResponse.m */; };
		658819451C776D5000CB74C7 /* SDK_BaseComponent.m in Sources */ = {isa = PBXBuildFile; fileRef = 658819361C776D5000CB74C7 /* SDK_BaseComponent.m */; };
		658819461C776D5000CB74C7 /* SDK_ComponentEngine.m in Sources */ = {isa = PBXBuildFile; fileRef = 658819381C776D5000CB74C7 /* SDK_ComponentEngine.m */; };
		658819471C776D5000CB74C7 /* SDK_Runtime.m in Sources */ = {isa = PBXBuildFile; fileRef = 6588193A1C776D5000CB74C7 /* SDK_Runtime.m */; };
		658819481C776D5000CB74C7 /* SDK_DBEngine.m in Sources */ = {isa = PBXBuildFile; fileRef = 6588193D1C776D5000CB74C7 /* SDK_DBEngine.m */; };
		658819491C776D5000CB74C7 /* SDK_DBStatement.m in Sources */ = {isa = PBXBuildFile; fileRef = 6588193F1C776D5000CB74C7 /* SDK_DBStatement.m */; };
		F60CA9EF5B24A569B3C1DF86 /* libPods-F4SDK.a in Frameworks */ = {isa = PBXBuildFile; fileRef = FC35D42C703F7BBC76B9960E /* libPods-F4SDK.a */; };
/* End PBXBuildFile section */

/* Begin PBXCopyFilesBuildPhase section */
		0A5B52011A6797FE00CB632B /* CopyFiles */ = {
			isa = PBXCopyFilesBuildPhase;
			buildActionMask = 2147483647;
			dstPath = "include/$(PRODUCT_NAME)";
			dstSubfolderSpec = 16;
			files = (
			);
			runOnlyForDeploymentPostprocessing = 0;
		};
/* End PBXCopyFilesBuildPhase section */

/* Begin PBXFileReference section */
		0A5B52031A6797FE00CB632B /* libF4SDK.a */ = {isa = PBXFileReference; explicitFileType = archive.ar; includeInIndex = 0; path = libF4SDK.a; sourceTree = BUILT_PRODUCTS_DIR; };
		0A5B52141A6797FE00CB632B /* Info.plist */ = {isa = PBXFileReference; lastKnownFileType = text.plist.xml; path = Info.plist; sourceTree = "<group>"; };
		0A730AD91A68F9CB0059A0BC /* libPods.a */ = {isa = PBXFileReference; lastKnownFileType = archive.ar; name = libPods.a; path = "Pods/build/Debug-iphoneos/libPods.a"; sourceTree = "<group>"; };
		0A730AEA1A68FE800059A0BC /* libPods.a */ = {isa = PBXFileReference; lastKnownFileType = archive.ar; name = libPods.a; path = "Pods/build/Debug-iphoneos/libPods.a"; sourceTree = "<group>"; };
		0B67FA000D26F4805C5847F3 /* Pods.release.xcconfig */ = {isa = PBXFileReference; includeInIndex = 1; lastKnownFileType = text.xcconfig; name = Pods.release.xcconfig; path = "Pods/Target Support Files/Pods/Pods.release.xcconfig"; sourceTree = "<group>"; };
		6588192C1C776D5000CB74C7 /* NSData+SDK_Encrypt.h */ = {isa = PBXFileReference; fileEncoding = 4; lastKnownFileType = sourcecode.c.h; path = "NSData+SDK_Encrypt.h"; sourceTree = "<group>"; };
		6588192D1C776D5000CB74C7 /* NSData+SDK_Encrypt.m */ = {isa = PBXFileReference; fileEncoding = 4; lastKnownFileType = sourcecode.c.objc; path = "NSData+SDK_Encrypt.m"; sourceTree = "<group>"; };
		6588192E1C776D5000CB74C7 /* SDK_ApiServiceEngine.h */ = {isa = PBXFileReference; fileEncoding = 4; lastKnownFileType = sourcecode.c.h; path = SDK_ApiServiceEngine.h; sourceTree = "<group>"; };
		6588192F1C776D5000CB74C7 /* SDK_ApiServiceEngine.m */ = {isa = PBXFileReference; fileEncoding = 4; lastKnownFileType = sourcecode.c.objc; path = SDK_ApiServiceEngine.m; sourceTree = "<group>"; };
		658819301C776D5000CB74C7 /* SDK_ApiServiceRequest.h */ = {isa = PBXFileReference; fileEncoding = 4; lastKnownFileType = sourcecode.c.h; path = SDK_ApiServiceRequest.h; sourceTree = "<group>"; };
		658819311C776D5000CB74C7 /* SDK_ApiServiceRequest.m */ = {isa = PBXFileReference; fileEncoding = 4; lastKnownFileType = sourcecode.c.objc; path = SDK_ApiServiceRequest.m; sourceTree = "<group>"; };
		658819321C776D5000CB74C7 /* SDK_ApiServiceResponse.h */ = {isa = PBXFileReference; fileEncoding = 4; lastKnownFileType = sourcecode.c.h; path = SDK_ApiServiceResponse.h; sourceTree = "<group>"; };
		658819331C776D5000CB74C7 /* SDK_ApiServiceResponse.m */ = {isa = PBXFileReference; fileEncoding = 4; lastKnownFileType = sourcecode.c.objc; path = SDK_ApiServiceResponse.m; sourceTree = "<group>"; };
		658819351C776D5000CB74C7 /* SDK_BaseComponent.h */ = {isa = PBXFileReference; fileEncoding = 4; lastKnownFileType = sourcecode.c.h; path = SDK_BaseComponent.h; sourceTree = "<group>"; };
		658819361C776D5000CB74C7 /* SDK_BaseComponent.m */ = {isa = PBXFileReference; fileEncoding = 4; lastKnownFileType = sourcecode.c.objc; path = SDK_BaseComponent.m; sourceTree = "<group>"; };
		658819371C776D5000CB74C7 /* SDK_ComponentEngine.h */ = {isa = PBXFileReference; fileEncoding = 4; lastKnownFileType = sourcecode.c.h; path = SDK_ComponentEngine.h; sourceTree = "<group>"; };
		658819381C776D5000CB74C7 /* SDK_ComponentEngine.m */ = {isa = PBXFileReference; fileEncoding = 4; lastKnownFileType = sourcecode.c.objc; path = SDK_ComponentEngine.m; sourceTree = "<group>"; };
		658819391C776D5000CB74C7 /* SDK_Runtime.h */ = {isa = PBXFileReference; fileEncoding = 4; lastKnownFileType = sourcecode.c.h; path = SDK_Runtime.h; sourceTree = "<group>"; };
		6588193A1C776D5000CB74C7 /* SDK_Runtime.m */ = {isa = PBXFileReference; fileEncoding = 4; lastKnownFileType = sourcecode.c.objc; path = SDK_Runtime.m; sourceTree = "<group>"; };
		6588193C1C776D5000CB74C7 /* SDK_DBEngine.h */ = {isa = PBXFileReference; fileEncoding = 4; lastKnownFileType = sourcecode.c.h; path = SDK_DBEngine.h; sourceTree = "<group>"; };
		6588193D1C776D5000CB74C7 /* SDK_DBEngine.m */ = {isa = PBXFileReference; fileEncoding = 4; lastKnownFileType = sourcecode.c.objc; path = SDK_DBEngine.m; sourceTree = "<group>"; };
		6588193E1C776D5000CB74C7 /* SDK_DBStatement.h */ = {isa = PBXFileReference; fileEncoding = 4; lastKnownFileType = sourcecode.c.h; path = SDK_DBStatement.h; sourceTree = "<group>"; };
		6588193F1C776D5000CB74C7 /* SDK_DBStatement.m */ = {isa = PBXFileReference; fileEncoding = 4; lastKnownFileType = sourcecode.c.objc; path = SDK_DBStatement.m; sourceTree = "<group>"; };
		658819401C776D5000CB74C7 /* KratosF4SDK.h */ = {isa = PBXFileReference; fileEncoding = 4; lastKnownFileType = sourcecode.c.h; path = KratosF4SDK.h; sourceTree = "<group>"; };
		65DAE04D1C7576FF00BF0A5B /* KratosF4SDK.h */ = {isa = PBXFileReference; fileEncoding = 4; lastKnownFileType = sourcecode.c.h; name = KratosF4SDK.h; path = KratosF4SDK/KratosF4SDK.h; sourceTree = SOURCE_ROOT; };
		6B4F462A2F24B7B60921CCCF /* Pods-F4SDK.release.xcconfig */ = {isa = PBXFileReference; includeInIndex = 1; lastKnownFileType = text.xcconfig; name = "Pods-F4SDK.release.xcconfig"; path = "Pods/Target Support Files/Pods-F4SDK/Pods-F4SDK.release.xcconfig"; sourceTree = "<group>"; };
		85A2D08E6BFDD000964DA8DE /* Pods.debug.xcconfig */ = {isa = PBXFileReference; includeInIndex = 1; lastKnownFileType = text.xcconfig; name = Pods.debug.xcconfig; path = "Pods/Target Support Files/Pods/Pods.debug.xcconfig"; sourceTree = "<group>"; };
		B0EB700B3219822AF5892761 /* Pods-F4SDK.debug.xcconfig */ = {isa = PBXFileReference; includeInIndex = 1; lastKnownFileType = text.xcconfig; name = "Pods-F4SDK.debug.xcconfig"; path = "Pods/Target Support Files/Pods-F4SDK/Pods-F4SDK.debug.xcconfig"; sourceTree = "<group>"; };
		B8CB3003D234ADE263CDDA7C /* libPods.a */ = {isa = PBXFileReference; explicitFileType = archive.ar; includeInIndex = 0; path = libPods.a; sourceTree = BUILT_PRODUCTS_DIR; };
		FC35D42C703F7BBC76B9960E /* libPods-F4SDK.a */ = {isa = PBXFileReference; explicitFileType = archive.ar; includeInIndex = 0; path = "libPods-F4SDK.a"; sourceTree = BUILT_PRODUCTS_DIR; };
/* End PBXFileReference section */

/* Begin PBXFrameworksBuildPhase section */
		0A5B52001A6797FE00CB632B /* Frameworks */ = {
			isa = PBXFrameworksBuildPhase;
			buildActionMask = 2147483647;
			files = (
				0A730AEB1A68FE800059A0BC /* libPods.a in Frameworks */,
				F60CA9EF5B24A569B3C1DF86 /* libPods-F4SDK.a in Frameworks */,
			);
			runOnlyForDeploymentPostprocessing = 0;
		};
/* End PBXFrameworksBuildPhase section */

/* Begin PBXGroup section */
		0A5B51FA1A6797FE00CB632B = {
			isa = PBXGroup;
			children = (
				65DAE04D1C7576FF00BF0A5B /* KratosF4SDK.h */,
				658819291C776D5000CB74C7 /* KratosF4SDK */,
				0A5B52121A6797FE00CB632B /* F4SDKTests */,
				0A5B52041A6797FE00CB632B /* Products */,
				AF7D7B0EACECA01AE8BF6456 /* Pods */,
				0DF3576F189B1830A9D4CA4F /* Frameworks */,
			);
			sourceTree = "<group>";
		};
		0A5B52041A6797FE00CB632B /* Products */ = {
			isa = PBXGroup;
			children = (
				0A5B52031A6797FE00CB632B /* libF4SDK.a */,
			);
			name = Products;
			sourceTree = "<group>";
		};
		0A5B52121A6797FE00CB632B /* F4SDKTests */ = {
			isa = PBXGroup;
			children = (
				0A5B52131A6797FE00CB632B /* Supporting Files */,
			);
			path = F4SDKTests;
			sourceTree = "<group>";
		};
		0A5B52131A6797FE00CB632B /* Supporting Files */ = {
			isa = PBXGroup;
			children = (
				0A5B52141A6797FE00CB632B /* Info.plist */,
			);
			name = "Supporting Files";
			sourceTree = "<group>";
		};
		0DF3576F189B1830A9D4CA4F /* Frameworks */ = {
			isa = PBXGroup;
			children = (
				0A730AEA1A68FE800059A0BC /* libPods.a */,
				0A730AD91A68F9CB0059A0BC /* libPods.a */,
				B8CB3003D234ADE263CDDA7C /* libPods.a */,
				FC35D42C703F7BBC76B9960E /* libPods-F4SDK.a */,
			);
			name = Frameworks;
			sourceTree = "<group>";
		};
		658819291C776D5000CB74C7 /* KratosF4SDK */ = {
			isa = PBXGroup;
			children = (
				6588192A1C776D5000CB74C7 /* engine */,
				658819401C776D5000CB74C7 /* KratosF4SDK.h */,
			);
			path = KratosF4SDK;
			sourceTree = "<group>";
		};
		6588192A1C776D5000CB74C7 /* engine */ = {
			isa = PBXGroup;
			children = (
				6588192B1C776D5000CB74C7 /* api_service */,
				658819341C776D5000CB74C7 /* core */,
				6588193B1C776D5000CB74C7 /* db */,
			);
			path = engine;
			sourceTree = "<group>";
		};
		6588192B1C776D5000CB74C7 /* api_service */ = {
			isa = PBXGroup;
			children = (
				6588192C1C776D5000CB74C7 /* NSData+SDK_Encrypt.h */,
				6588192D1C776D5000CB74C7 /* NSData+SDK_Encrypt.m */,
				6588192E1C776D5000CB74C7 /* SDK_ApiServiceEngine.h */,
				6588192F1C776D5000CB74C7 /* SDK_ApiServiceEngine.m */,
				658819301C776D5000CB74C7 /* SDK_ApiServiceRequest.h */,
				658819311C776D5000CB74C7 /* SDK_ApiServiceRequest.m */,
				658819321C776D5000CB74C7 /* SDK_ApiServiceResponse.h */,
				658819331C776D5000CB74C7 /* SDK_ApiServiceResponse.m */,
			);
			path = api_service;
			sourceTree = "<group>";
		};
		658819341C776D5000CB74C7 /* core */ = {
			isa = PBXGroup;
			children = (
				658819351C776D5000CB74C7 /* SDK_BaseComponent.h */,
				658819361C776D5000CB74C7 /* SDK_BaseComponent.m */,
				658819371C776D5000CB74C7 /* SDK_ComponentEngine.h */,
				658819381C776D5000CB74C7 /* SDK_ComponentEngine.m */,
				658819391C776D5000CB74C7 /* SDK_Runtime.h */,
				6588193A1C776D5000CB74C7 /* SDK_Runtime.m */,
			);
			path = core;
			sourceTree = "<group>";
		};
		6588193B1C776D5000CB74C7 /* db */ = {
			isa = PBXGroup;
			children = (
				6588193C1C776D5000CB74C7 /* SDK_DBEngine.h */,
				6588193D1C776D5000CB74C7 /* SDK_DBEngine.m */,
				6588193E1C776D5000CB74C7 /* SDK_DBStatement.h */,
				6588193F1C776D5000CB74C7 /* SDK_DBStatement.m */,
			);
			path = db;
			sourceTree = "<group>";
		};
		AF7D7B0EACECA01AE8BF6456 /* Pods */ = {
			isa = PBXGroup;
			children = (
				85A2D08E6BFDD000964DA8DE /* Pods.debug.xcconfig */,
				0B67FA000D26F4805C5847F3 /* Pods.release.xcconfig */,
				B0EB700B3219822AF5892761 /* Pods-F4SDK.debug.xcconfig */,
				6B4F462A2F24B7B60921CCCF /* Pods-F4SDK.release.xcconfig */,
			);
			name = Pods;
			sourceTree = "<group>";
		};
/* End PBXGroup section */

/* Begin PBXNativeTarget section */
		0A5B52021A6797FE00CB632B /* F4SDK */ = {
			isa = PBXNativeTarget;
			buildConfigurationList = 0A5B52171A6797FE00CB632B /* Build configuration list for PBXNativeTarget "F4SDK" */;
			buildPhases = (
				A21B6D50E76E4154EE8287A6 /* Check Pods Manifest.lock */,
				0A5B51FF1A6797FE00CB632B /* Sources */,
				0A5B52001A6797FE00CB632B /* Frameworks */,
				0A5B52011A6797FE00CB632B /* CopyFiles */,
				399D341E791E4CD7EEBC8192 /* Copy Pods Resources */,
			);
			buildRules = (
			);
			dependencies = (
			);
			name = F4SDK;
			productName = F4SDK;
			productReference = 0A5B52031A6797FE00CB632B /* libF4SDK.a */;
			productType = "com.apple.product-type.library.static";
		};
/* End PBXNativeTarget section */

/* Begin PBXProject section */
		0A5B51FB1A6797FE00CB632B /* Project object */ = {
			isa = PBXProject;
			attributes = {
				LastUpgradeCheck = 0610;
				ORGANIZATIONNAME = "iOS Team";
				TargetAttributes = {
					0A5B52021A6797FE00CB632B = {
						CreatedOnToolsVersion = 6.1.1;
					};
				};
			};
			buildConfigurationList = 0A5B51FE1A6797FE00CB632B /* Build configuration list for PBXProject "F4SDK" */;
			compatibilityVersion = "Xcode 3.2";
			developmentRegion = English;
			hasScannedForEncodings = 0;
			knownRegions = (
				en,
			);
			mainGroup = 0A5B51FA1A6797FE00CB632B;
			productRefGroup = 0A5B52041A6797FE00CB632B /* Products */;
			projectDirPath = "";
			projectRoot = "";
			targets = (
				0A5B52021A6797FE00CB632B /* F4SDK */,
			);
		};
/* End PBXProject section */

/* Begin PBXShellScriptBuildPhase section */
		399D341E791E4CD7EEBC8192 /* Copy Pods Resources */ = {
			isa = PBXShellScriptBuildPhase;
			buildActionMask = 2147483647;
			files = (
			);
			inputPaths = (
			);
			name = "Copy Pods Resources";
			outputPaths = (
			);
			runOnlyForDeploymentPostprocessing = 0;
			shellPath = /bin/sh;
			shellScript = "\"${SRCROOT}/Pods/Target Support Files/Pods-F4SDK/Pods-F4SDK-resources.sh\"\n";
			showEnvVarsInLog = 0;
		};
		A21B6D50E76E4154EE8287A6 /* Check Pods Manifest.lock */ = {
			isa = PBXShellScriptBuildPhase;
			buildActionMask = 2147483647;
			files = (
			);
			inputPaths = (
			);
			name = "Check Pods Manifest.lock";
			outputPaths = (
			);
			runOnlyForDeploymentPostprocessing = 0;
			shellPath = /bin/sh;
			shellScript = "diff \"${PODS_ROOT}/../Podfile.lock\" \"${PODS_ROOT}/Manifest.lock\" > /dev/null\nif [[ $? != 0 ]] ; then\n    cat << EOM\nerror: The sandbox is not in sync with the Podfile.lock. Run 'pod install' or update your CocoaPods installation.\nEOM\n    exit 1\nfi\n";
			showEnvVarsInLog = 0;
		};
/* End PBXShellScriptBuildPhase section */

/* Begin PBXSourcesBuildPhase section */
		0A5B51FF1A6797FE00CB632B /* Sources */ = {
			isa = PBXSourcesBuildPhase;
			buildActionMask = 2147483647;
			files = (
				658819411C776D5000CB74C7 /* NSData+SDK_Encrypt.m in Sources */,
				658819471C776D5000CB74C7 /* SDK_Runtime.m in Sources */,
				658819451C776D5000CB74C7 /* SDK_BaseComponent.m in Sources */,
				658819421C776D5000CB74C7 /* SDK_ApiServiceEngine.m in Sources */,
				658819441C776D5000CB74C7 /* SDK_ApiServiceResponse.m in Sources */,
				658819491C776D5000CB74C7 /* SDK_DBStatement.m in Sources */,
				658819461C776D5000CB74C7 /* SDK_ComponentEngine.m in Sources */,
				658819481C776D5000CB74C7 /* SDK_DBEngine.m in Sources */,
				658819431C776D5000CB74C7 /* SDK_ApiServiceRequest.m in Sources */,
			);
			runOnlyForDeploymentPostprocessing = 0;
		};
/* End PBXSourcesBuildPhase section */

/* Begin XCBuildConfiguration section */
		0A5B52151A6797FE00CB632B /* Debug */ = {
			isa = XCBuildConfiguration;
			buildSettings = {
				ALWAYS_SEARCH_USER_PATHS = NO;
				CLANG_CXX_LANGUAGE_STANDARD = "gnu++0x";
				CLANG_CXX_LIBRARY = "libc++";
				CLANG_ENABLE_MODULES = YES;
				CLANG_ENABLE_OBJC_ARC = YES;
				CLANG_WARN_BOOL_CONVERSION = YES;
				CLANG_WARN_CONSTANT_CONVERSION = YES;
				CLANG_WARN_DIRECT_OBJC_ISA_USAGE = YES_ERROR;
				CLANG_WARN_EMPTY_BODY = YES;
				CLANG_WARN_ENUM_CONVERSION = YES;
				CLANG_WARN_INT_CONVERSION = YES;
				CLANG_WARN_OBJC_ROOT_CLASS = YES_ERROR;
				CLANG_WARN_UNREACHABLE_CODE = YES;
				CLANG_WARN__DUPLICATE_METHOD_MATCH = YES;
				COPY_PHASE_STRIP = NO;
				ENABLE_STRICT_OBJC_MSGSEND = YES;
				GCC_C_LANGUAGE_STANDARD = gnu99;
				GCC_DYNAMIC_NO_PIC = NO;
				GCC_OPTIMIZATION_LEVEL = 0;
				GCC_PREPROCESSOR_DEFINITIONS = (
					"DEBUG=1",
					"$(inherited)",
				);
				GCC_SYMBOLS_PRIVATE_EXTERN = NO;
				GCC_WARN_64_TO_32_BIT_CONVERSION = YES;
				GCC_WARN_ABOUT_RETURN_TYPE = YES_ERROR;
				GCC_WARN_UNDECLARED_SELECTOR = YES;
				GCC_WARN_UNINITIALIZED_AUTOS = YES_AGGRESSIVE;
				GCC_WARN_UNUSED_FUNCTION = YES;
				GCC_WARN_UNUSED_VARIABLE = YES;
				IPHONEOS_DEPLOYMENT_TARGET = 7.0;
				MTL_ENABLE_DEBUG_INFO = YES;
				ONLY_ACTIVE_ARCH = YES;
				SDKROOT = iphoneos;
			};
			name = Debug;
		};
		0A5B52161A6797FE00CB632B /* Release */ = {
			isa = XCBuildConfiguration;
			buildSettings = {
				ALWAYS_SEARCH_USER_PATHS = NO;
				CLANG_CXX_LANGUAGE_STANDARD = "gnu++0x";
				CLANG_CXX_LIBRARY = "libc++";
				CLANG_ENABLE_MODULES = YES;
				CLANG_ENABLE_OBJC_ARC = YES;
				CLANG_WARN_BOOL_CONVERSION = YES;
				CLANG_WARN_CONSTANT_CONVERSION = YES;
				CLANG_WARN_DIRECT_OBJC_ISA_USAGE = YES_ERROR;
				CLANG_WARN_EMPTY_BODY = YES;
				CLANG_WARN_ENUM_CONVERSION = YES;
				CLANG_WARN_INT_CONVERSION = YES;
				CLANG_WARN_OBJC_ROOT_CLASS = YES_ERROR;
				CLANG_WARN_UNREACHABLE_CODE = YES;
				CLANG_WARN__DUPLICATE_METHOD_MATCH = YES;
				COPY_PHASE_STRIP = YES;
				ENABLE_NS_ASSERTIONS = NO;
				ENABLE_STRICT_OBJC_MSGSEND = YES;
				GCC_C_LANGUAGE_STANDARD = gnu99;
				GCC_WARN_64_TO_32_BIT_CONVERSION = YES;
				GCC_WARN_ABOUT_RETURN_TYPE = YES_ERROR;
				GCC_WARN_UNDECLARED_SELECTOR = YES;
				GCC_WARN_UNINITIALIZED_AUTOS = YES_AGGRESSIVE;
				GCC_WARN_UNUSED_FUNCTION = YES;
				GCC_WARN_UNUSED_VARIABLE = YES;
				IPHONEOS_DEPLOYMENT_TARGET = 7.0;
				MTL_ENABLE_DEBUG_INFO = NO;
				SDKROOT = iphoneos;
				VALIDATE_PRODUCT = YES;
			};
			name = Release;
		};
		0A5B52181A6797FE00CB632B /* Debug */ = {
			isa = XCBuildConfiguration;
			baseConfigurationReference = B0EB700B3219822AF5892761 /* Pods-F4SDK.debug.xcconfig */;
			buildSettings = {
				LIBRARY_SEARCH_PATHS = (
					"$(inherited)",
					"$(PROJECT_DIR)/Pods/build/Debug-iphoneos",
				);
				OTHER_LDFLAGS = "$(inherited)";
				PRODUCT_NAME = "$(TARGET_NAME)";
				SKIP_INSTALL = YES;
			};
			name = Debug;
		};
		0A5B52191A6797FE00CB632B /* Release */ = {
			isa = XCBuildConfiguration;
			baseConfigurationReference = 6B4F462A2F24B7B60921CCCF /* Pods-F4SDK.release.xcconfig */;
			buildSettings = {
				LIBRARY_SEARCH_PATHS = (
					"$(inherited)",
					"$(PROJECT_DIR)/Pods/build/Debug-iphoneos",
				);
				OTHER_LDFLAGS = "$(inherited)";
				PRODUCT_NAME = "$(TARGET_NAME)";
				SKIP_INSTALL = YES;
			};
			name = Release;
		};
/* End XCBuildConfiguration section */

/* Begin XCConfigurationList section */
		0A5B51FE1A6797FE00CB632B /* Build configuration list for PBXProject "F4SDK" */ = {
			isa = XCConfigurationList;
			buildConfigurations = (
				0A5B52151A6797FE00CB632B /* Debug */,
				0A5B52161A6797FE00CB632B /* Release */,
			);
			defaultConfigurationIsVisible = 0;
			defaultConfigurationName = Release;
		};
		0A5B52171A6797FE00CB632B /* Build configuration list for PBXNativeTarget "F4SDK" */ = {
			isa = XCConfigurationList;
			buildConfigurations = (
				0A5B52181A6797FE00CB632B /* Debug */,
				0A5B52191A6797FE00CB632B /* Release */,
			);
			defaultConfigurationIsVisible = 0;
			defaultConfigurationName = Release;
		};
/* End XCConfigurationList section */
	};
	rootObject = 0A5B51FB1A6797FE00CB632B /* Project object */;
}
